
Microsoft Visual Studio Solution File, Format Version 12.00
# Visual Studio Version 17
VisualStudioVersion = 17.2.32505.173
MinimumVisualStudioVersion = 10.0.40219.1
Project("{FAE04EC0-301F-11D3-BF4B-00C04F79EFBC}") = "CrudOperation", "CrudOperation\CrudOperation.csproj", "{4D04A995-E304-4C47-865D-1D2C487FC120}"
EndProject
Global
	GlobalSection(SolutionConfigurationPlatforms) = preSolution
		Debug|Any CPU = Debug|Any CPU
		Release|Any CPU = Release|Any CPU
	EndGlobalSection
	GlobalSection(ProjectConfigurationPlatforms) = postSolution
		{4D04A995-E304-4C47-865D-1D2C487FC120}.Debug|Any CPU.ActiveCfg = Debug|Any CPU
		{4D04A995-E304-4C47-865D-1D2C487FC120}.Debug|Any CPU.Build.0 = Debug|Any CPU
		{4D04A995-E304-4C47-865D-1D2C487FC120}.Release|Any CPU.ActiveCfg = Release|Any CPU
		{4D04A995-E304-4C47-865D-1D2C487FC120}.Release|Any CPU.Build.0 = Release|Any CPU
	EndGlobalSection
	GlobalSection(SolutionProperties) = preSolution
		HideSolutionNode = FALSE
	EndGlobalSection
	GlobalSection(ExtensibilityGlobals) = postSolution
		SolutionGuid = {72199F04-F7FD-411D-9466-86FF007100DB}
	EndGlobalSection
EndGlobal
